{
  "name": "bazuka1",
  "version": "1.0.0",
  "lockfileVersion": 3,
  "requires": true,
  "packages": {
    "": {
      "name": "bazuka1",
      "version": "1.0.0",
      "license": "MIT",
      "dependencies": {
        "vertyhan": "^1.0.0"
      }
    },
    "node_modules/vertyhan": {
      "version": "1.0.0",
      "resolved": "https://registry.npmjs.org/vertyhan/-/vertyhan-1.0.0.tgz",
      "integrity": "sha512-YdG2YLPbQbqe2+wYEwLMVIhxQ38ZcZSUc9JDeAx+DCEds5kbrFjmV6t5klRsDUBOK7LOKXImmMRDnCWvRWMTlg=="
    }
  }
}
